
Microsoft Visual Studio Solution File, Format Version 12.00
# Visual Studio Version 17
VisualStudioVersion = 17.9.34902.65
MinimumVisualStudioVersion = 10.0.40219.1
Project("{FAE04EC0-301F-11D3-BF4B-00C04F79EFBC}") = "Lesson25.05", "Lesson25.05.csproj", "{633D830E-36D2-42FE-9BEF-697B634D42FE}"
EndProject
Global
	GlobalSection(SolutionConfigurationPlatforms) = preSolution
		Debug|Any CPU = Debug|Any CPU
		Release|Any CPU = Release|Any CPU
	EndGlobalSection
	GlobalSection(ProjectConfigurationPlatforms) = postSolution
		{633D830E-36D2-42FE-9BEF-697B634D42FE}.Debug|Any CPU.ActiveCfg = Debug|Any CPU
		{633D830E-36D2-42FE-9BEF-697B634D42FE}.Debug|Any CPU.Build.0 = Debug|Any CPU
		{633D830E-36D2-42FE-9BEF-697B634D42FE}.Release|Any CPU.ActiveCfg = Release|Any CPU
		{633D830E-36D2-42FE-9BEF-697B634D42FE}.Release|Any CPU.Build.0 = Release|Any CPU
	EndGlobalSection
	GlobalSection(SolutionProperties) = preSolution
		HideSolutionNode = FALSE
	EndGlobalSection
	GlobalSection(ExtensibilityGlobals) = postSolution
		SolutionGuid = {20AACE7E-74F4-45E1-A5DC-34A2BE81CFCA}
	EndGlobalSection
EndGlobal
